
Microsoft Visual Studio Solution File, Format Version 12.00
# Visual Studio 15
VisualStudioVersion = 15.0.28307.136
MinimumVisualStudioVersion = 10.0.40219.1
Project("{9A19103F-16F7-4668-BE54-9A1E7A4F7556}") = "IdsWithAspIds", "IdsWithAspIds\IdsWithAspIds.csproj", "{767CE0B9-CA17-4982-8E48-5481850F9179}"
EndProject
Project("{FAE04EC0-301F-11D3-BF4B-00C04F79EFBC}") = "UmbracoClient", "UmbracoClient\UmbracoClient.csproj", "{C35AE33A-9080-4CFB-ABB4-FF7EA4FF2381}"
EndProject
Project("{FAE04EC0-301F-11D3-BF4B-00C04F79EFBC}") = "oAuthOwinClient", "oAuthOwinClient\oAuthOwinClient.csproj", "{BC408315-967D-42CA-BE11-9A1CD91542E5}"
EndProject
Global
	GlobalSection(SolutionConfigurationPlatforms) = preSolution
		Debug|Any CPU = Debug|Any CPU
		Release|Any CPU = Release|Any CPU
	EndGlobalSection
	GlobalSection(ProjectConfigurationPlatforms) = postSolution
		{767CE0B9-CA17-4982-8E48-5481850F9179}.Debug|Any CPU.ActiveCfg = Debug|Any CPU
		{767CE0B9-CA17-4982-8E48-5481850F9179}.Debug|Any CPU.Build.0 = Debug|Any CPU
		{767CE0B9-CA17-4982-8E48-5481850F9179}.Release|Any CPU.ActiveCfg = Release|Any CPU
		{767CE0B9-CA17-4982-8E48-5481850F9179}.Release|Any CPU.Build.0 = Release|Any CPU
		{C35AE33A-9080-4CFB-ABB4-FF7EA4FF2381}.Debug|Any CPU.ActiveCfg = Debug|Any CPU
		{C35AE33A-9080-4CFB-ABB4-FF7EA4FF2381}.Debug|Any CPU.Build.0 = Debug|Any CPU
		{C35AE33A-9080-4CFB-ABB4-FF7EA4FF2381}.Release|Any CPU.ActiveCfg = Release|Any CPU
		{C35AE33A-9080-4CFB-ABB4-FF7EA4FF2381}.Release|Any CPU.Build.0 = Release|Any CPU
		{BC408315-967D-42CA-BE11-9A1CD91542E5}.Debug|Any CPU.ActiveCfg = Debug|Any CPU
		{BC408315-967D-42CA-BE11-9A1CD91542E5}.Debug|Any CPU.Build.0 = Debug|Any CPU
		{BC408315-967D-42CA-BE11-9A1CD91542E5}.Release|Any CPU.ActiveCfg = Release|Any CPU
		{BC408315-967D-42CA-BE11-9A1CD91542E5}.Release|Any CPU.Build.0 = Release|Any CPU
	EndGlobalSection
	GlobalSection(SolutionProperties) = preSolution
		HideSolutionNode = FALSE
	EndGlobalSection
	GlobalSection(ExtensibilityGlobals) = postSolution
		SolutionGuid = {8A719AF1-6649-4956-B4B7-183757C558E2}
	EndGlobalSection
EndGlobal
